
Microsoft Visual Studio Solution File, Format Version 12.00
# Visual Studio Version 16
VisualStudioVersion = 16.0.31729.503
MinimumVisualStudioVersion = 10.0.40219.1
Project("{FAE04EC0-301F-11D3-BF4B-00C04F79EFBC}") = "BlockForcePatch", "BlockForcePatch\BlockForcePatch.csproj", "{F9953779-1D2A-42BC-BF2F-AE8DE7CA4687}"
EndProject
Global
	GlobalSection(SolutionConfigurationPlatforms) = preSolution
		Debug|Any CPU = Debug|Any CPU
		Release|Any CPU = Release|Any CPU
	EndGlobalSection
	GlobalSection(ProjectConfigurationPlatforms) = postSolution
		{F9953779-1D2A-42BC-BF2F-AE8DE7CA4687}.Debug|Any CPU.ActiveCfg = Debug|Any CPU
		{F9953779-1D2A-42BC-BF2F-AE8DE7CA4687}.Debug|Any CPU.Build.0 = Debug|Any CPU
		{F9953779-1D2A-42BC-BF2F-AE8DE7CA4687}.Release|Any CPU.ActiveCfg = Release|Any CPU
		{F9953779-1D2A-42BC-BF2F-AE8DE7CA4687}.Release|Any CPU.Build.0 = Release|Any CPU
	EndGlobalSection
	GlobalSection(SolutionProperties) = preSolution
		HideSolutionNode = FALSE
	EndGlobalSection
	GlobalSection(ExtensibilityGlobals) = postSolution
		SolutionGuid = {27D6122E-D3F5-4DE5-AFD6-5586A0EA23FB}
	EndGlobalSection
EndGlobal
